
Microsoft Visual Studio Solution File, Format Version 12.00
# Visual Studio Version 17
VisualStudioVersion = 17.5.002.0
MinimumVisualStudioVersion = 10.0.40219.1
Project("{9A19103F-16F7-4668-BE54-9A1E7A4F7556}") = "PracticeTestForInterview", "PracticeTestForInterview.csproj", "{B8BF6AA6-CB99-4254-BF6D-557DD4EF314A}"
EndProject
Global
	GlobalSection(SolutionConfigurationPlatforms) = preSolution
		Debug|Any CPU = Debug|Any CPU
		Release|Any CPU = Release|Any CPU
	EndGlobalSection
	GlobalSection(ProjectConfigurationPlatforms) = postSolution
		{B8BF6AA6-CB99-4254-BF6D-557DD4EF314A}.Debug|Any CPU.ActiveCfg = Debug|Any CPU
		{B8BF6AA6-CB99-4254-BF6D-557DD4EF314A}.Debug|Any CPU.Build.0 = Debug|Any CPU
		{B8BF6AA6-CB99-4254-BF6D-557DD4EF314A}.Release|Any CPU.ActiveCfg = Release|Any CPU
		{B8BF6AA6-CB99-4254-BF6D-557DD4EF314A}.Release|Any CPU.Build.0 = Release|Any CPU
	EndGlobalSection
	GlobalSection(SolutionProperties) = preSolution
		HideSolutionNode = FALSE
	EndGlobalSection
	GlobalSection(ExtensibilityGlobals) = postSolution
		SolutionGuid = {5F5D21C0-A6C5-459B-A654-0B3F438F1F7E}
	EndGlobalSection
EndGlobal
